
Microsoft Visual Studio Solution File, Format Version 12.00
# Visual Studio Version 17
VisualStudioVersion = 17.4.33403.182
MinimumVisualStudioVersion = 10.0.40219.1
Project("{FAE04EC0-301F-11D3-BF4B-00C04F79EFBC}") = "ShortIT", "ShortIT\ShortIT.csproj", "{72BBA5A8-F6FB-4673-906A-192B6238FA27}"
EndProject
Global
	GlobalSection(SolutionConfigurationPlatforms) = preSolution
		Debug|Any CPU = Debug|Any CPU
		Release|Any CPU = Release|Any CPU
	EndGlobalSection
	GlobalSection(ProjectConfigurationPlatforms) = postSolution
		{72BBA5A8-F6FB-4673-906A-192B6238FA27}.Debug|Any CPU.ActiveCfg = Debug|Any CPU
		{72BBA5A8-F6FB-4673-906A-192B6238FA27}.Debug|Any CPU.Build.0 = Debug|Any CPU
		{72BBA5A8-F6FB-4673-906A-192B6238FA27}.Release|Any CPU.ActiveCfg = Release|Any CPU
		{72BBA5A8-F6FB-4673-906A-192B6238FA27}.Release|Any CPU.Build.0 = Release|Any CPU
	EndGlobalSection
	GlobalSection(SolutionProperties) = preSolution
		HideSolutionNode = FALSE
	EndGlobalSection
	GlobalSection(ExtensibilityGlobals) = postSolution
		SolutionGuid = {CFAB7685-5B7E-4ABF-9F22-40B553D38B37}
	EndGlobalSection
EndGlobal
